// !$*UTF8*$!
{
	archiveVersion = 1;
	classes = {
	};
	objectVersion = 50;
	objects = {

/* Begin PBXBuildFile section */
		AA62FBF7245461DC008B808B /* Landmark.swift in Sources */ = {isa = PBXBuildFile; fileRef = AA62FBF6245461DC008B808B /* Landmark.swift */; };
		AA62FBF924546DB7008B808B /* LandmarkDetail.swift in Sources */ = {isa = PBXBuildFile; fileRef = AA62FBF824546DB7008B808B /* LandmarkDetail.swift */; };
		AA62FBFD24546FF2008B808B /* LandmarkRow.swift in Sources */ = {isa = PBXBuildFile; fileRef = AA62FBFC24546FF2008B808B /* LandmarkRow.swift */; };
		AA62FBFF24547227008B808B /* LandmarkList.swift in Sources */ = {isa = PBXBuildFile; fileRef = AA62FBFE24547227008B808B /* LandmarkList.swift */; };
		AA87AE812465CC6C00FDF692 /* CategoryItem.swift in Sources */ = {isa = PBXBuildFile; fileRef = AA87AE802465CC6C00FDF692 /* CategoryItem.swift */; };
		AA87AE832465D91200FDF692 /* FeaturedLandmarks.swift in Sources */ = {isa = PBXBuildFile; fileRef = AA87AE822465D91200FDF692 /* FeaturedLandmarks.swift */; };
		AAB4BD5C24670DF400BA0DF3 /* ProfileHost.swift in Sources */ = {isa = PBXBuildFile; fileRef = AAB4BD5B24670DF400BA0DF3 /* ProfileHost.swift */; };
		AAB4BD612467101D00BA0DF3 /* Profile.swift in Sources */ = {isa = PBXBuildFile; fileRef = AAB4BD602467101D00BA0DF3 /* Profile.swift */; };
		AAB4BD63246753F000BA0DF3 /* ProfileSummary.swift in Sources */ = {isa = PBXBuildFile; fileRef = AAB4BD62246753F000BA0DF3 /* ProfileSummary.swift */; };
		AAB4BD652467588B00BA0DF3 /* HikeBadge.swift in Sources */ = {isa = PBXBuildFile; fileRef = AAB4BD642467588B00BA0DF3 /* HikeBadge.swift */; };
		AAB4BD6724675E3500BA0DF3 /* ProfileEditor.swift in Sources */ = {isa = PBXBuildFile; fileRef = AAB4BD6624675E3500BA0DF3 /* ProfileEditor.swift */; };
		AAC2C5F72458C49700CF3D6C /* stmarylake.jpg in Resources */ = {isa = PBXBuildFile; fileRef = AAC2C5EB2458C49600CF3D6C /* stmarylake.jpg */; };
		AAC2C5F82458C49700CF3D6C /* lakemcdonald.jpg in Resources */ = {isa = PBXBuildFile; fileRef = AAC2C5EC2458C49600CF3D6C /* lakemcdonald.jpg */; };
		AAC2C5F92458C49700CF3D6C /* twinlake.jpg in Resources */ = {isa = PBXBuildFile; fileRef = AAC2C5ED2458C49600CF3D6C /* twinlake.jpg */; };
		AAC2C5FA2458C49700CF3D6C /* silversalmoncreek.jpg in Resources */ = {isa = PBXBuildFile; fileRef = AAC2C5EE2458C49700CF3D6C /* silversalmoncreek.jpg */; };
		AAC2C5FB2458C49700CF3D6C /* umbagog.jpg in Resources */ = {isa = PBXBuildFile; fileRef = AAC2C5EF2458C49700CF3D6C /* umbagog.jpg */; };
		AAC2C5FC2458C49700CF3D6C /* chincoteague.jpg in Resources */ = {isa = PBXBuildFile; fileRef = AAC2C5F02458C49700CF3D6C /* chincoteague.jpg */; };
		AAC2C5FD2458C49700CF3D6C /* turtlerock.jpg in Resources */ = {isa = PBXBuildFile; fileRef = AAC2C5F12458C49700CF3D6C /* turtlerock.jpg */; };
		AAC2C5FE2458C49700CF3D6C /* charleyrivers.jpg in Resources */ = {isa = PBXBuildFile; fileRef = AAC2C5F22458C49700CF3D6C /* charleyrivers.jpg */; };
		AAC2C5FF2458C49700CF3D6C /* icybay.jpg in Resources */ = {isa = PBXBuildFile; fileRef = AAC2C5F32458C49700CF3D6C /* icybay.jpg */; };
		AAC2C6002458C49700CF3D6C /* hiddenlake.jpg in Resources */ = {isa = PBXBuildFile; fileRef = AAC2C5F42458C49700CF3D6C /* hiddenlake.jpg */; };
		AAC2C6012458C49700CF3D6C /* chilkoottrail.jpg in Resources */ = {isa = PBXBuildFile; fileRef = AAC2C5F52458C49700CF3D6C /* chilkoottrail.jpg */; };
		AAC2C6022458C49700CF3D6C /* rainbowlake.jpg in Resources */ = {isa = PBXBuildFile; fileRef = AAC2C5F62458C49700CF3D6C /* rainbowlake.jpg */; };
		AAC2C6062458CB4700CF3D6C /* UserData.swift in Sources */ = {isa = PBXBuildFile; fileRef = AAC2C6052458CB4700CF3D6C /* UserData.swift */; };
		AAC357A02454567200C9C06A /* landmarkData.json in Resources */ = {isa = PBXBuildFile; fileRef = AAC357932454567100C9C06A /* landmarkData.json */; };
		AAC357AE2454598800C9C06A /* Data.swift in Sources */ = {isa = PBXBuildFile; fileRef = AAC357AD2454598800C9C06A /* Data.swift */; };
		AAC86DBB2463B0FC00A5A46A /* HikeGraph.swift in Sources */ = {isa = PBXBuildFile; fileRef = AAC86DBA2463B0FC00A5A46A /* HikeGraph.swift */; };
		AAC86DBD2463B15900A5A46A /* Hike.swift in Sources */ = {isa = PBXBuildFile; fileRef = AAC86DBC2463B15900A5A46A /* Hike.swift */; };
		AAC86DBF2463B1D400A5A46A /* hikeData.json in Resources */ = {isa = PBXBuildFile; fileRef = AAC86DBE2463B1D400A5A46A /* hikeData.json */; };
		AAC86DC12463B2BA00A5A46A /* GraphhCapsule.swift in Sources */ = {isa = PBXBuildFile; fileRef = AAC86DC02463B2BA00A5A46A /* GraphhCapsule.swift */; };
		AAC86DC32463B32C00A5A46A /* HikeView.swift in Sources */ = {isa = PBXBuildFile; fileRef = AAC86DC22463B32C00A5A46A /* HikeView.swift */; };
		AAC86DC52463B3B500A5A46A /* HikeDetail.swift in Sources */ = {isa = PBXBuildFile; fileRef = AAC86DC42463B3B500A5A46A /* HikeDetail.swift */; };
		AAC86DC72463C0C200A5A46A /* CategoryHome.swift in Sources */ = {isa = PBXBuildFile; fileRef = AAC86DC62463C0C200A5A46A /* CategoryHome.swift */; };
		AAC86DC92463C59900A5A46A /* CategoryRow.swift in Sources */ = {isa = PBXBuildFile; fileRef = AAC86DC82463C59900A5A46A /* CategoryRow.swift */; };
		AAD8E01824534A74001CF07A /* AppDelegate.swift in Sources */ = {isa = PBXBuildFile; fileRef = AAD8E01724534A74001CF07A /* AppDelegate.swift */; };
		AAD8E01A24534A74001CF07A /* SceneDelegate.swift in Sources */ = {isa = PBXBuildFile; fileRef = AAD8E01924534A74001CF07A /* SceneDelegate.swift */; };
		AAD8E01D24534A74001CF07A /* SwiftUI_Tutorial.xcdatamodeld in Sources */ = {isa = PBXBuildFile; fileRef = AAD8E01B24534A74001CF07A /* SwiftUI_Tutorial.xcdatamodeld */; };
		AAD8E02124534A75001CF07A /* Assets.xcassets in Resources */ = {isa = PBXBuildFile; fileRef = AAD8E02024534A75001CF07A /* Assets.xcassets */; };
		AAD8E0232460A72A00431060 /* BadgeBackground.swift in Sources */ = {isa = PBXBuildFile; fileRef = AAD8E0222460A72A00431060 /* BadgeBackground.swift */; };
		AAD8E02424534A75001CF07A /* Preview Assets.xcassets in Resources */ = {isa = PBXBuildFile; fileRef = AAD8E02324534A75001CF07A /* Preview Assets.xcassets */; };
		AAD8E0252460A7B100431060 /* HexagonParameters.swift in Sources */ = {isa = PBXBuildFile; fileRef = AAD8E0242460A7B100431060 /* HexagonParameters.swift */; };
		AAD8E02724534A75001CF07A /* LaunchScreen.storyboard in Resources */ = {isa = PBXBuildFile; fileRef = AAD8E02524534A75001CF07A /* LaunchScreen.storyboard */; };
		AAD8E0272460B1B500431060 /* BadgeSymbol.swift in Sources */ = {isa = PBXBuildFile; fileRef = AAD8E0262460B1B500431060 /* BadgeSymbol.swift */; };
		AAD8E0292460B4AC00431060 /* RotatedBadgeSymbol.swift in Sources */ = {isa = PBXBuildFile; fileRef = AAD8E0282460B4AC00431060 /* RotatedBadgeSymbol.swift */; };
		AAD8E02B2460B60800431060 /* Badge.swift in Sources */ = {isa = PBXBuildFile; fileRef = AAD8E02A2460B60800431060 /* Badge.swift */; };
		AAD8E03224534A75001CF07A /* SwiftUI_TutorialTests.swift in Sources */ = {isa = PBXBuildFile; fileRef = AAD8E03124534A75001CF07A /* SwiftUI_TutorialTests.swift */; };
		AAD8E03D24534A75001CF07A /* SwiftUI_TutorialUITests.swift in Sources */ = {isa = PBXBuildFile; fileRef = AAD8E03C24534A75001CF07A /* SwiftUI_TutorialUITests.swift */; };
		AAD8E04B24534CEC001CF07A /* CircleImage.swift in Sources */ = {isa = PBXBuildFile; fileRef = AAD8E04A24534CEC001CF07A /* CircleImage.swift */; };
		AAF025D32454356E00B4AFE5 /* MapView.swift in Sources */ = {isa = PBXBuildFile; fileRef = AAF025D22454356E00B4AFE5 /* MapView.swift */; };
/* End PBXBuildFile section */

/* Begin PBXContainerItemProxy section */
		AAD8E02E24534A75001CF07A /* PBXContainerItemProxy */ = {
			isa = PBXContainerItemProxy;
			containerPortal = AAD8E00C24534A74001CF07A /* Project object */;
			proxyType = 1;
			remoteGlobalIDString = AAD8E01324534A74001CF07A;
			remoteInfo = "SwiftUI Tutorial";
		};
		AAD8E03924534A75001CF07A /* PBXContainerItemProxy */ = {
			isa = PBXContainerItemProxy;
			containerPortal = AAD8E00C24534A74001CF07A /* Project object */;
			proxyType = 1;
			remoteGlobalIDString = AAD8E01324534A74001CF07A;
			remoteInfo = "SwiftUI Tutorial";
		};
/* End PBXContainerItemProxy section */

/* Begin PBXFileReference section */
		AA62FBF6245461DC008B808B /* Landmark.swift */ = {isa = PBXFileReference; lastKnownFileType = sourcecode.swift; path = Landmark.swift; sourceTree = "<group>"; };
		AA62FBF824546DB7008B808B /* LandmarkDetail.swift */ = {isa = PBXFileReference; lastKnownFileType = sourcecode.swift; path = LandmarkDetail.swift; sourceTree = "<group>"; };
		AA62FBFC24546FF2008B808B /* LandmarkRow.swift */ = {isa = PBXFileReference; lastKnownFileType = sourcecode.swift; path = LandmarkRow.swift; sourceTree = "<group>"; };
		AA62FBFE24547227008B808B /* LandmarkList.swift */ = {isa = PBXFileReference; lastKnownFileType = sourcecode.swift; path = LandmarkList.swift; sourceTree = "<group>"; };
		AA87AE802465CC6C00FDF692 /* CategoryItem.swift */ = {isa = PBXFileReference; lastKnownFileType = sourcecode.swift; path = CategoryItem.swift; sourceTree = "<group>"; };
		AA87AE822465D91200FDF692 /* FeaturedLandmarks.swift */ = {isa = PBXFileReference; lastKnownFileType = sourcecode.swift; path = FeaturedLandmarks.swift; sourceTree = "<group>"; };
		AAB4BD5B24670DF400BA0DF3 /* ProfileHost.swift */ = {isa = PBXFileReference; lastKnownFileType = sourcecode.swift; path = ProfileHost.swift; sourceTree = "<group>"; };
		AAB4BD602467101D00BA0DF3 /* Profile.swift */ = {isa = PBXFileReference; lastKnownFileType = sourcecode.swift; path = Profile.swift; sourceTree = "<group>"; };
		AAB4BD62246753F000BA0DF3 /* ProfileSummary.swift */ = {isa = PBXFileReference; lastKnownFileType = sourcecode.swift; path = ProfileSummary.swift; sourceTree = "<group>"; };
		AAB4BD642467588B00BA0DF3 /* HikeBadge.swift */ = {isa = PBXFileReference; lastKnownFileType = sourcecode.swift; path = HikeBadge.swift; sourceTree = "<group>"; };
		AAB4BD6624675E3500BA0DF3 /* ProfileEditor.swift */ = {isa = PBXFileReference; lastKnownFileType = sourcecode.swift; path = ProfileEditor.swift; sourceTree = "<group>"; };
		AAC2C5EB2458C49600CF3D6C /* stmarylake.jpg */ = {isa = PBXFileReference; lastKnownFileType = image.jpeg; path = stmarylake.jpg; sourceTree = "<group>"; };
		AAC2C5EC2458C49600CF3D6C /* lakemcdonald.jpg */ = {isa = PBXFileReference; lastKnownFileType = image.jpeg; path = lakemcdonald.jpg; sourceTree = "<group>"; };
		AAC2C5ED2458C49600CF3D6C /* twinlake.jpg */ = {isa = PBXFileReference; lastKnownFileType = image.jpeg; path = twinlake.jpg; sourceTree = "<group>"; };
		AAC2C5EE2458C49700CF3D6C /* silversalmoncreek.jpg */ = {isa = PBXFileReference; lastKnownFileType = image.jpeg; path = silversalmoncreek.jpg; sourceTree = "<group>"; };
		AAC2C5EF2458C49700CF3D6C /* umbagog.jpg */ = {isa = PBXFileReference; lastKnownFileType = image.jpeg; path = umbagog.jpg; sourceTree = "<group>"; };
		AAC2C5F02458C49700CF3D6C /* chincoteague.jpg */ = {isa = PBXFileReference; lastKnownFileType = image.jpeg; path = chincoteague.jpg; sourceTree = "<group>"; };
		AAC2C5F12458C49700CF3D6C /* turtlerock.jpg */ = {isa = PBXFileReference; lastKnownFileType = image.jpeg; path = turtlerock.jpg; sourceTree = "<group>"; };
		AAC2C5F22458C49700CF3D6C /* charleyrivers.jpg */ = {isa = PBXFileReference; lastKnownFileType = image.jpeg; path = charleyrivers.jpg; sourceTree = "<group>"; };
		AAC2C5F32458C49700CF3D6C /* icybay.jpg */ = {isa = PBXFileReference; lastKnownFileType = image.jpeg; path = icybay.jpg; sourceTree = "<group>"; };
		AAC2C5F42458C49700CF3D6C /* hiddenlake.jpg */ = {isa = PBXFileReference; lastKnownFileType = image.jpeg; path = hiddenlake.jpg; sourceTree = "<group>"; };
		AAC2C5F52458C49700CF3D6C /* chilkoottrail.jpg */ = {isa = PBXFileReference; lastKnownFileType = image.jpeg; path = chilkoottrail.jpg; sourceTree = "<group>"; };
		AAC2C5F62458C49700CF3D6C /* rainbowlake.jpg */ = {isa = PBXFileReference; lastKnownFileType = image.jpeg; path = rainbowlake.jpg; sourceTree = "<group>"; };
		AAC2C6052458CB4700CF3D6C /* UserData.swift */ = {isa = PBXFileReference; lastKnownFileType = sourcecode.swift; path = UserData.swift; sourceTree = "<group>"; };
		AAC357932454567100C9C06A /* landmarkData.json */ = {isa = PBXFileReference; fileEncoding = 4; lastKnownFileType = text.json; name = landmarkData.json; path = "SwiftUI Tutorial/landmarkData.json"; sourceTree = SOURCE_ROOT; };
		AAC357AD2454598800C9C06A /* Data.swift */ = {isa = PBXFileReference; lastKnownFileType = sourcecode.swift; path = Data.swift; sourceTree = "<group>"; };
		AAC86DBA2463B0FC00A5A46A /* HikeGraph.swift */ = {isa = PBXFileReference; lastKnownFileType = sourcecode.swift; path = HikeGraph.swift; sourceTree = "<group>"; };
		AAC86DBC2463B15900A5A46A /* Hike.swift */ = {isa = PBXFileReference; lastKnownFileType = sourcecode.swift; path = Hike.swift; sourceTree = "<group>"; };
		AAC86DBE2463B1D400A5A46A /* hikeData.json */ = {isa = PBXFileReference; fileEncoding = 4; lastKnownFileType = text.json; path = hikeData.json; sourceTree = "<group>"; };
		AAC86DC02463B2BA00A5A46A /* GraphhCapsule.swift */ = {isa = PBXFileReference; lastKnownFileType = sourcecode.swift; path = GraphhCapsule.swift; sourceTree = "<group>"; };
		AAC86DC22463B32C00A5A46A /* HikeView.swift */ = {isa = PBXFileReference; lastKnownFileType = sourcecode.swift; path = HikeView.swift; sourceTree = "<group>"; };
		AAC86DC42463B3B500A5A46A /* HikeDetail.swift */ = {isa = PBXFileReference; lastKnownFileType = sourcecode.swift; path = HikeDetail.swift; sourceTree = "<group>"; };
		AAC86DC62463C0C200A5A46A /* CategoryHome.swift */ = {isa = PBXFileReference; lastKnownFileType = sourcecode.swift; path = CategoryHome.swift; sourceTree = "<group>"; };
		AAC86DC82463C59900A5A46A /* CategoryRow.swift */ = {isa = PBXFileReference; lastKnownFileType = sourcecode.swift; path = CategoryRow.swift; sourceTree = "<group>"; };
		AAD8E01424534A74001CF07A /* SwiftUI Tutorial.app */ = {isa = PBXFileReference; explicitFileType = wrapper.application; includeInIndex = 0; path = "SwiftUI Tutorial.app"; sourceTree = BUILT_PRODUCTS_DIR; };
		AAD8E01724534A74001CF07A /* AppDelegate.swift */ = {isa = PBXFileReference; lastKnownFileType = sourcecode.swift; path = AppDelegate.swift; sourceTree = "<group>"; };
		AAD8E01924534A74001CF07A /* SceneDelegate.swift */ = {isa = PBXFileReference; lastKnownFileType = sourcecode.swift; path = SceneDelegate.swift; sourceTree = "<group>"; };
		AAD8E01C24534A74001CF07A /* SwiftUI_Tutorial.xcdatamodel */ = {isa = PBXFileReference; lastKnownFileType = wrapper.xcdatamodel; path = SwiftUI_Tutorial.xcdatamodel; sourceTree = "<group>"; };
		AAD8E02024534A75001CF07A /* Assets.xcassets */ = {isa = PBXFileReference; lastKnownFileType = folder.assetcatalog; path = Assets.xcassets; sourceTree = "<group>"; };
		AAD8E0222460A72A00431060 /* BadgeBackground.swift */ = {isa = PBXFileReference; lastKnownFileType = sourcecode.swift; path = BadgeBackground.swift; sourceTree = "<group>"; };
		AAD8E02324534A75001CF07A /* Preview Assets.xcassets */ = {isa = PBXFileReference; lastKnownFileType = folder.assetcatalog; path = "Preview Assets.xcassets"; sourceTree = "<group>"; };
		AAD8E0242460A7B100431060 /* HexagonParameters.swift */ = {isa = PBXFileReference; lastKnownFileType = sourcecode.swift; path = HexagonParameters.swift; sourceTree = "<group>"; };
		AAD8E02624534A75001CF07A /* Base */ = {isa = PBXFileReference; lastKnownFileType = file.storyboard; name = Base; path = Base.lproj/LaunchScreen.storyboard; sourceTree = "<group>"; };
		AAD8E0262460B1B500431060 /* BadgeSymbol.swift */ = {isa = PBXFileReference; lastKnownFileType = sourcecode.swift; path = BadgeSymbol.swift; sourceTree = "<group>"; };
		AAD8E02824534A75001CF07A /* Info.plist */ = {isa = PBXFileReference; lastKnownFileType = text.plist.xml; path = Info.plist; sourceTree = "<group>"; };
		AAD8E0282460B4AC00431060 /* RotatedBadgeSymbol.swift */ = {isa = PBXFileReference; lastKnownFileType = sourcecode.swift; path = RotatedBadgeSymbol.swift; sourceTree = "<group>"; };
		AAD8E02A2460B60800431060 /* Badge.swift */ = {isa = PBXFileReference; lastKnownFileType = sourcecode.swift; path = Badge.swift; sourceTree = "<group>"; };
		AAD8E02D24534A75001CF07A /* SwiftUI TutorialTests.xctest */ = {isa = PBXFileReference; explicitFileType = wrapper.cfbundle; includeInIndex = 0; path = "SwiftUI TutorialTests.xctest"; sourceTree = BUILT_PRODUCTS_DIR; };
		AAD8E03124534A75001CF07A /* SwiftUI_TutorialTests.swift */ = {isa = PBXFileReference; lastKnownFileType = sourcecode.swift; path = SwiftUI_TutorialTests.swift; sourceTree = "<group>"; };
		AAD8E03324534A75001CF07A /* Info.plist */ = {isa = PBXFileReference; lastKnownFileType = text.plist.xml; path = Info.plist; sourceTree = "<group>"; };
		AAD8E03824534A75001CF07A /* SwiftUI TutorialUITests.xctest */ = {isa = PBXFileReference; explicitFileType = wrapper.cfbundle; includeInIndex = 0; path = "SwiftUI TutorialUITests.xctest"; sourceTree = BUILT_PRODUCTS_DIR; };
		AAD8E03C24534A75001CF07A /* SwiftUI_TutorialUITests.swift */ = {isa = PBXFileReference; lastKnownFileType = sourcecode.swift; path = SwiftUI_TutorialUITests.swift; sourceTree = "<group>"; };
		AAD8E03E24534A75001CF07A /* Info.plist */ = {isa = PBXFileReference; lastKnownFileType = text.plist.xml; path = Info.plist; sourceTree = "<group>"; };
		AAD8E04A24534CEC001CF07A /* CircleImage.swift */ = {isa = PBXFileReference; lastKnownFileType = sourcecode.swift; path = CircleImage.swift; sourceTree = "<group>"; };
		AAF025D22454356E00B4AFE5 /* MapView.swift */ = {isa = PBXFileReference; lastKnownFileType = sourcecode.swift; path = MapView.swift; sourceTree = "<group>"; };
/* End PBXFileReference section */

/* Begin PBXFrameworksBuildPhase section */
		AAD8E01124534A74001CF07A /* Frameworks */ = {
			isa = PBXFrameworksBuildPhase;
			buildActionMask = 2147483647;
			files = (
			);
			runOnlyForDeploymentPostprocessing = 0;
		};
		AAD8E02A24534A75001CF07A /* Frameworks */ = {
			isa = PBXFrameworksBuildPhase;
			buildActionMask = 2147483647;
			files = (
			);
			runOnlyForDeploymentPostprocessing = 0;
		};
		AAD8E03524534A75001CF07A /* Frameworks */ = {
			isa = PBXFrameworksBuildPhase;
			buildActionMask = 2147483647;
			files = (
			);
			runOnlyForDeploymentPostprocessing = 0;
		};
/* End PBXFrameworksBuildPhase section */

/* Begin PBXGroup section */
		AAB4BD5A24670C8B00BA0DF3 /* Profile */ = {
			isa = PBXGroup;
			children = (
				AAB4BD5B24670DF400BA0DF3 /* ProfileHost.swift */,
				AAB4BD6624675E3500BA0DF3 /* ProfileEditor.swift */,
				AAB4BD62246753F000BA0DF3 /* ProfileSummary.swift */,
			);
			path = Profile;
			sourceTree = "<group>";
		};
		AAB4BD5D24670E4300BA0DF3 /* Category */ = {
			isa = PBXGroup;
			children = (
				AAC86DC62463C0C200A5A46A /* CategoryHome.swift */,
				AAC86DC82463C59900A5A46A /* CategoryRow.swift */,
				AA87AE802465CC6C00FDF692 /* CategoryItem.swift */,
			);
			path = Category;
			sourceTree = "<group>";
		};
		AAB4BD5E24670E6300BA0DF3 /* Landmark */ = {
			isa = PBXGroup;
			children = (
				AAF025D22454356E00B4AFE5 /* MapView.swift */,
				AAD8E04A24534CEC001CF07A /* CircleImage.swift */,
				AA87AE822465D91200FDF692 /* FeaturedLandmarks.swift */,
				AA62FBFE24547227008B808B /* LandmarkList.swift */,
				AA62FBFC24546FF2008B808B /* LandmarkRow.swift */,
				AA62FBF824546DB7008B808B /* LandmarkDetail.swift */,
			);
			path = Landmark;
			sourceTree = "<group>";
		};
		AAB4BD5F24670E8200BA0DF3 /* Hike */ = {
			isa = PBXGroup;
			children = (
				AAD8E0262460B1B500431060 /* BadgeSymbol.swift */,
				AAD8E0242460A7B100431060 /* HexagonParameters.swift */,
				AAD8E02A2460B60800431060 /* Badge.swift */,
				AAD8E0282460B4AC00431060 /* RotatedBadgeSymbol.swift */,
				AAD8E0222460A72A00431060 /* BadgeBackground.swift */,
				AAC86DBA2463B0FC00A5A46A /* HikeGraph.swift */,
				AAC86DC22463B32C00A5A46A /* HikeView.swift */,
				AAC86DC42463B3B500A5A46A /* HikeDetail.swift */,
				AAC86DC02463B2BA00A5A46A /* GraphhCapsule.swift */,
			);
			path = Hike;
			sourceTree = "<group>";
		};
		AAC357912454563800C9C06A /* Resources */ = {
			isa = PBXGroup;
			children = (
				AAC86DBE2463B1D400A5A46A /* hikeData.json */,
				AAC2C5F22458C49700CF3D6C /* charleyrivers.jpg */,
				AAC2C5F52458C49700CF3D6C /* chilkoottrail.jpg */,
				AAC2C5F02458C49700CF3D6C /* chincoteague.jpg */,
				AAC2C5F42458C49700CF3D6C /* hiddenlake.jpg */,
				AAC2C5F32458C49700CF3D6C /* icybay.jpg */,
				AAC2C5EC2458C49600CF3D6C /* lakemcdonald.jpg */,
				AAC2C5F62458C49700CF3D6C /* rainbowlake.jpg */,
				AAC2C5EE2458C49700CF3D6C /* silversalmoncreek.jpg */,
				AAC2C5EB2458C49600CF3D6C /* stmarylake.jpg */,
				AAC2C5F12458C49700CF3D6C /* turtlerock.jpg */,
				AAC2C5ED2458C49600CF3D6C /* twinlake.jpg */,
				AAC2C5EF2458C49700CF3D6C /* umbagog.jpg */,
				AAC357932454567100C9C06A /* landmarkData.json */,
			);
			path = Resources;
			sourceTree = "<group>";
		};
		AAC357AC245456BF00C9C06A /* Models */ = {
			isa = PBXGroup;
			children = (
				AAC357AD2454598800C9C06A /* Data.swift */,
				AA62FBF6245461DC008B808B /* Landmark.swift */,
				AAC2C6052458CB4700CF3D6C /* UserData.swift */,
				AAC86DBC2463B15900A5A46A /* Hike.swift */,
				AAB4BD602467101D00BA0DF3 /* Profile.swift */,
			);
			path = Models;
			sourceTree = "<group>";
		};
		AAD8E00B24534A74001CF07A = {
			isa = PBXGroup;
			children = (
				AAD8E01624534A74001CF07A /* SwiftUI Tutorial */,
				AAD8E03024534A75001CF07A /* SwiftUI TutorialTests */,
				AAD8E03B24534A75001CF07A /* SwiftUI TutorialUITests */,
				AAD8E01524534A74001CF07A /* Products */,
			);
			sourceTree = "<group>";
		};
		AAD8E01524534A74001CF07A /* Products */ = {
			isa = PBXGroup;
			children = (
				AAD8E01424534A74001CF07A /* SwiftUI Tutorial.app */,
				AAD8E02D24534A75001CF07A /* SwiftUI TutorialTests.xctest */,
				AAD8E03824534A75001CF07A /* SwiftUI TutorialUITests.xctest */,
			);
			name = Products;
			sourceTree = "<group>";
		};
		AAD8E01624534A74001CF07A /* SwiftUI Tutorial */ = {
			isa = PBXGroup;
			children = (
				AAB4BD5F24670E8200BA0DF3 /* Hike */,
				AAB4BD5E24670E6300BA0DF3 /* Landmark */,
				AAB4BD5D24670E4300BA0DF3 /* Category */,
				AAB4BD5A24670C8B00BA0DF3 /* Profile */,
				AAC357AC245456BF00C9C06A /* Models */,
				AAC357912454563800C9C06A /* Resources */,
				AAD8E01724534A74001CF07A /* AppDelegate.swift */,
				AAB4BD642467588B00BA0DF3 /* HikeBadge.swift */,
				AAD8E01924534A74001CF07A /* SceneDelegate.swift */,
				AAD8E02024534A75001CF07A /* Assets.xcassets */,
				AAD8E02524534A75001CF07A /* LaunchScreen.storyboard */,
				AAD8E02824534A75001CF07A /* Info.plist */,
				AAD8E01B24534A74001CF07A /* SwiftUI_Tutorial.xcdatamodeld */,
				AAD8E02224534A75001CF07A /* Preview Content */,
			);
			path = "SwiftUI Tutorial";
			sourceTree = "<group>";
		};
		AAD8E02224534A75001CF07A /* Preview Content */ = {
			isa = PBXGroup;
			children = (
				AAD8E02324534A75001CF07A /* Preview Assets.xcassets */,
			);
			path = "Preview Content";
			sourceTree = "<group>";
		};
		AAD8E03024534A75001CF07A /* SwiftUI TutorialTests */ = {
			isa = PBXGroup;
			children = (
				AAD8E03124534A75001CF07A /* SwiftUI_TutorialTests.swift */,
				AAD8E03324534A75001CF07A /* Info.plist */,
			);
			path = "SwiftUI TutorialTests";
			sourceTree = "<group>";
		};
		AAD8E03B24534A75001CF07A /* SwiftUI TutorialUITests */ = {
			isa = PBXGroup;
			children = (
				AAD8E03C24534A75001CF07A /* SwiftUI_TutorialUITests.swift */,
				AAD8E03E24534A75001CF07A /* Info.plist */,
			);
			path = "SwiftUI TutorialUITests";
			sourceTree = "<group>";
		};
/* End PBXGroup section */

/* Begin PBXNativeTarget section */
		AAD8E01324534A74001CF07A /* SwiftUI Tutorial */ = {
			isa = PBXNativeTarget;
			buildConfigurationList = AAD8E04124534A75001CF07A /* Build configuration list for PBXNativeTarget "SwiftUI Tutorial" */;
			buildPhases = (
				AAD8E01024534A74001CF07A /* Sources */,
				AAD8E01124534A74001CF07A /* Frameworks */,
				AAD8E01224534A74001CF07A /* Resources */,
			);
			buildRules = (
			);
			dependencies = (
			);
			name = "SwiftUI Tutorial";
			productName = "SwiftUI Tutorial";
			productReference = AAD8E01424534A74001CF07A /* SwiftUI Tutorial.app */;
			productType = "com.apple.product-type.application";
		};
		AAD8E02C24534A75001CF07A /* SwiftUI TutorialTests */ = {
			isa = PBXNativeTarget;
			buildConfigurationList = AAD8E04424534A75001CF07A /* Build configuration list for PBXNativeTarget "SwiftUI TutorialTests" */;
			buildPhases = (
				AAD8E02924534A75001CF07A /* Sources */,
				AAD8E02A24534A75001CF07A /* Frameworks */,
				AAD8E02B24534A75001CF07A /* Resources */,
			);
			buildRules = (
			);
			dependencies = (
				AAD8E02F24534A75001CF07A /* PBXTargetDependency */,
			);
			name = "SwiftUI TutorialTests";
			productName = "SwiftUI TutorialTests";
			productReference = AAD8E02D24534A75001CF07A /* SwiftUI TutorialTests.xctest */;
			productType = "com.apple.product-type.bundle.unit-test";
		};
		AAD8E03724534A75001CF07A /* SwiftUI TutorialUITests */ = {
			isa = PBXNativeTarget;
			buildConfigurationList = AAD8E04724534A75001CF07A /* Build configuration list for PBXNativeTarget "SwiftUI TutorialUITests" */;
			buildPhases = (
				AAD8E03424534A75001CF07A /* Sources */,
				AAD8E03524534A75001CF07A /* Frameworks */,
				AAD8E03624534A75001CF07A /* Resources */,
			);
			buildRules = (
			);
			dependencies = (
				AAD8E03A24534A75001CF07A /* PBXTargetDependency */,
			);
			name = "SwiftUI TutorialUITests";
			productName = "SwiftUI TutorialUITests";
			productReference = AAD8E03824534A75001CF07A /* SwiftUI TutorialUITests.xctest */;
			productType = "com.apple.product-type.bundle.ui-testing";
		};
/* End PBXNativeTarget section */

/* Begin PBXProject section */
		AAD8E00C24534A74001CF07A /* Project object */ = {
			isa = PBXProject;
			attributes = {
				LastSwiftUpdateCheck = 1140;
				LastUpgradeCheck = 1140;
				ORGANIZATIONNAME = "Azat Kaiumov";
				TargetAttributes = {
					AAD8E01324534A74001CF07A = {
						CreatedOnToolsVersion = 11.4;
					};
					AAD8E02C24534A75001CF07A = {
						CreatedOnToolsVersion = 11.4;
						TestTargetID = AAD8E01324534A74001CF07A;
					};
					AAD8E03724534A75001CF07A = {
						CreatedOnToolsVersion = 11.4;
						TestTargetID = AAD8E01324534A74001CF07A;
					};
				};
			};
			buildConfigurationList = AAD8E00F24534A74001CF07A /* Build configuration list for PBXProject "SwiftUI Tutorial" */;
			compatibilityVersion = "Xcode 9.3";
			developmentRegion = en;
			hasScannedForEncodings = 0;
			knownRegions = (
				en,
				Base,
			);
			mainGroup = AAD8E00B24534A74001CF07A;
			productRefGroup = AAD8E01524534A74001CF07A /* Products */;
			projectDirPath = "";
			projectRoot = "";
			targets = (
				AAD8E01324534A74001CF07A /* SwiftUI Tutorial */,
				AAD8E02C24534A75001CF07A /* SwiftUI TutorialTests */,
				AAD8E03724534A75001CF07A /* SwiftUI TutorialUITests */,
			);
		};
/* End PBXProject section */

/* Begin PBXResourcesBuildPhase section */
		AAD8E01224534A74001CF07A /* Resources */ = {
			isa = PBXResourcesBuildPhase;
			buildActionMask = 2147483647;
			files = (
				AAC2C5F82458C49700CF3D6C /* lakemcdonald.jpg in Resources */,
				AAC2C5FD2458C49700CF3D6C /* turtlerock.jpg in Resources */,
				AAC86DBF2463B1D400A5A46A /* hikeData.json in Resources */,
				AAC2C5FF2458C49700CF3D6C /* icybay.jpg in Resources */,
				AAD8E02724534A75001CF07A /* LaunchScreen.storyboard in Resources */,
				AAC2C5FE2458C49700CF3D6C /* charleyrivers.jpg in Resources */,
				AAC2C5F72458C49700CF3D6C /* stmarylake.jpg in Resources */,
				AAC2C6002458C49700CF3D6C /* hiddenlake.jpg in Resources */,
				AAD8E02424534A75001CF07A /* Preview Assets.xcassets in Resources */,
				AAC2C5FC2458C49700CF3D6C /* chincoteague.jpg in Resources */,
				AAC2C5F92458C49700CF3D6C /* twinlake.jpg in Resources */,
				AAC2C5FA2458C49700CF3D6C /* silversalmoncreek.jpg in Resources */,
				AAC2C5FB2458C49700CF3D6C /* umbagog.jpg in Resources */,
				AAC357A02454567200C9C06A /* landmarkData.json in Resources */,
				AAC2C6022458C49700CF3D6C /* rainbowlake.jpg in Resources */,
				AAC2C6012458C49700CF3D6C /* chilkoottrail.jpg in Resources */,
				AAD8E02124534A75001CF07A /* Assets.xcassets in Resources */,
			);
			runOnlyForDeploymentPostprocessing = 0;
		};
		AAD8E02B24534A75001CF07A /* Resources */ = {
			isa = PBXResourcesBuildPhase;
			buildActionMask = 2147483647;
			files = (
			);
			runOnlyForDeploymentPostprocessing = 0;
		};
		AAD8E03624534A75001CF07A /* Resources */ = {
			isa = PBXResourcesBuildPhase;
			buildActionMask = 2147483647;
			files = (
			);
			runOnlyForDeploymentPostprocessing = 0;
		};
/* End PBXResourcesBuildPhase section */

/* Begin PBXSourcesBuildPhase section */
		AAD8E01024534A74001CF07A /* Sources */ = {
			isa = PBXSourcesBuildPhase;
			buildActionMask = 2147483647;
			files = (
				AAD8E0252460A7B100431060 /* HexagonParameters.swift in Sources */,
				AAC86DBB2463B0FC00A5A46A /* HikeGraph.swift in Sources */,
				AAB4BD6724675E3500BA0DF3 /* ProfileEditor.swift in Sources */,
				AAB4BD63246753F000BA0DF3 /* ProfileSummary.swift in Sources */,
				AAD8E02B2460B60800431060 /* Badge.swift in Sources */,
				AAC86DBD2463B15900A5A46A /* Hike.swift in Sources */,
				AAC357AE2454598800C9C06A /* Data.swift in Sources */,
				AAC86DC12463B2BA00A5A46A /* GraphhCapsule.swift in Sources */,
				AAB4BD5C24670DF400BA0DF3 /* ProfileHost.swift in Sources */,
				AA62FBFF24547227008B808B /* LandmarkList.swift in Sources */,
				AAC86DC52463B3B500A5A46A /* HikeDetail.swift in Sources */,
				AAD8E01824534A74001CF07A /* AppDelegate.swift in Sources */,
				AAF025D32454356E00B4AFE5 /* MapView.swift in Sources */,
				AAC86DC92463C59900A5A46A /* CategoryRow.swift in Sources */,
				AA62FBF7245461DC008B808B /* Landmark.swift in Sources */,
				AA62FBF924546DB7008B808B /* LandmarkDetail.swift in Sources */,
				AAC2C6062458CB4700CF3D6C /* UserData.swift in Sources */,
				AAD8E0272460B1B500431060 /* BadgeSymbol.swift in Sources */,
				AAD8E01D24534A74001CF07A /* SwiftUI_Tutorial.xcdatamodeld in Sources */,
				AAD8E01A24534A74001CF07A /* SceneDelegate.swift in Sources */,
				AA87AE812465CC6C00FDF692 /* CategoryItem.swift in Sources */,
				AAC86DC32463B32C00A5A46A /* HikeView.swift in Sources */,
				AAB4BD652467588B00BA0DF3 /* HikeBadge.swift in Sources */,
				AA62FBFD24546FF2008B808B /* LandmarkRow.swift in Sources */,
				AAD8E0232460A72A00431060 /* BadgeBackground.swift in Sources */,
				AAD8E04B24534CEC001CF07A /* CircleImage.swift in Sources */,
				AA87AE832465D91200FDF692 /* FeaturedLandmarks.swift in Sources */,
				AAC86DC72463C0C200A5A46A /* CategoryHome.swift in Sources */,
				AAB4BD612467101D00BA0DF3 /* Profile.swift in Sources */,
				AAD8E0292460B4AC00431060 /* RotatedBadgeSymbol.swift in Sources */,
			);
			runOnlyForDeploymentPostprocessing = 0;
		};
		AAD8E02924534A75001CF07A /* Sources */ = {
			isa = PBXSourcesBuildPhase;
			buildActionMask = 2147483647;
			files = (
				AAD8E03224534A75001CF07A /* SwiftUI_TutorialTests.swift in Sources */,
			);
			runOnlyForDeploymentPostprocessing = 0;
		};
		AAD8E03424534A75001CF07A /* Sources */ = {
			isa = PBXSourcesBuildPhase;
			buildActionMask = 2147483647;
			files = (
				AAD8E03D24534A75001CF07A /* SwiftUI_TutorialUITests.swift in Sources */,
			);
			runOnlyForDeploymentPostprocessing = 0;
		};
/* End PBXSourcesBuildPhase section */

/* Begin PBXTargetDependency section */
		AAD8E02F24534A75001CF07A /* PBXTargetDependency */ = {
			isa = PBXTargetDependency;
			target = AAD8E01324534A74001CF07A /* SwiftUI Tutorial */;
			targetProxy = AAD8E02E24534A75001CF07A /* PBXContainerItemProxy */;
		};
		AAD8E03A24534A75001CF07A /* PBXTargetDependency */ = {
			isa = PBXTargetDependency;
			target = AAD8E01324534A74001CF07A /* SwiftUI Tutorial */;
			targetProxy = AAD8E03924534A75001CF07A /* PBXContainerItemProxy */;
		};
/* End PBXTargetDependency section */

/* Begin PBXVariantGroup section */
		AAD8E02524534A75001CF07A /* LaunchScreen.storyboard */ = {
			isa = PBXVariantGroup;
			children = (
				AAD8E02624534A75001CF07A /* Base */,
			);
			name = LaunchScreen.storyboard;
			sourceTree = "<group>";
		};
/* End PBXVariantGroup section */

/* Begin XCBuildConfiguration section */
		AAD8E03F24534A75001CF07A /* Debug */ = {
			isa = XCBuildConfiguration;
			buildSettings = {
				ALWAYS_SEARCH_USER_PATHS = NO;
				CLANG_ANALYZER_NONNULL = YES;
				CLANG_ANALYZER_NUMBER_OBJECT_CONVERSION = YES_AGGRESSIVE;
				CLANG_CXX_LANGUAGE_STANDARD = "gnu++14";
				CLANG_CXX_LIBRARY = "libc++";
				CLANG_ENABLE_MODULES = YES;
				CLANG_ENABLE_OBJC_ARC = YES;
				CLANG_ENABLE_OBJC_WEAK = YES;
				CLANG_WARN_BLOCK_CAPTURE_AUTORELEASING = YES;
				CLANG_WARN_BOOL_CONVERSION = YES;
				CLANG_WARN_COMMA = YES;
				CLANG_WARN_CONSTANT_CONVERSION = YES;
				CLANG_WARN_DEPRECATED_OBJC_IMPLEMENTATIONS = YES;
				CLANG_WARN_DIRECT_OBJC_ISA_USAGE = YES_ERROR;
				CLANG_WARN_DOCUMENTATION_COMMENTS = YES;
				CLANG_WARN_EMPTY_BODY = YES;
				CLANG_WARN_ENUM_CONVERSION = YES;
				CLANG_WARN_INFINITE_RECURSION = YES;
				CLANG_WARN_INT_CONVERSION = YES;
				CLANG_WARN_NON_LITERAL_NULL_CONVERSION = YES;
				CLANG_WARN_OBJC_IMPLICIT_RETAIN_SELF = YES;
				CLANG_WARN_OBJC_LITERAL_CONVERSION = YES;
				CLANG_WARN_OBJC_ROOT_CLASS = YES_ERROR;
				CLANG_WARN_RANGE_LOOP_ANALYSIS = YES;
				CLANG_WARN_STRICT_PROTOTYPES = YES;
				CLANG_WARN_SUSPICIOUS_MOVE = YES;
				CLANG_WARN_UNGUARDED_AVAILABILITY = YES_AGGRESSIVE;
				CLANG_WARN_UNREACHABLE_CODE = YES;
				CLANG_WARN__DUPLICATE_METHOD_MATCH = YES;
				COPY_PHASE_STRIP = NO;
				DEBUG_INFORMATION_FORMAT = dwarf;
				ENABLE_STRICT_OBJC_MSGSEND = YES;
				ENABLE_TESTABILITY = YES;
				GCC_C_LANGUAGE_STANDARD = gnu11;
				GCC_DYNAMIC_NO_PIC = NO;
				GCC_NO_COMMON_BLOCKS = YES;
				GCC_OPTIMIZATION_LEVEL = 0;
				GCC_PREPROCESSOR_DEFINITIONS = (
					"DEBUG=1",
					"$(inherited)",
				);
				GCC_WARN_64_TO_32_BIT_CONVERSION = YES;
				GCC_WARN_ABOUT_RETURN_TYPE = YES_ERROR;
				GCC_WARN_UNDECLARED_SELECTOR = YES;
				GCC_WARN_UNINITIALIZED_AUTOS = YES_AGGRESSIVE;
				GCC_WARN_UNUSED_FUNCTION = YES;
				GCC_WARN_UNUSED_VARIABLE = YES;
				IPHONEOS_DEPLOYMENT_TARGET = 13.2;
				MTL_ENABLE_DEBUG_INFO = INCLUDE_SOURCE;
				MTL_FAST_MATH = YES;
				ONLY_ACTIVE_ARCH = YES;
				SDKROOT = iphoneos;
				SWIFT_ACTIVE_COMPILATION_CONDITIONS = DEBUG;
				SWIFT_OPTIMIZATION_LEVEL = "-Onone";
			};
			name = Debug;
		};
		AAD8E04024534A75001CF07A /* Release */ = {
			isa = XCBuildConfiguration;
			buildSettings = {
				ALWAYS_SEARCH_USER_PATHS = NO;
				CLANG_ANALYZER_NONNULL = YES;
				CLANG_ANALYZER_NUMBER_OBJECT_CONVERSION = YES_AGGRESSIVE;
				CLANG_CXX_LANGUAGE_STANDARD = "gnu++14";
				CLANG_CXX_LIBRARY = "libc++";
				CLANG_ENABLE_MODULES = YES;
				CLANG_ENABLE_OBJC_ARC = YES;
				CLANG_ENABLE_OBJC_WEAK = YES;
				CLANG_WARN_BLOCK_CAPTURE_AUTORELEASING = YES;
				CLANG_WARN_BOOL_CONVERSION = YES;
				CLANG_WARN_COMMA = YES;
				CLANG_WARN_CONSTANT_CONVERSION = YES;
				CLANG_WARN_DEPRECATED_OBJC_IMPLEMENTATIONS = YES;
				CLANG_WARN_DIRECT_OBJC_ISA_USAGE = YES_ERROR;
				CLANG_WARN_DOCUMENTATION_COMMENTS = YES;
				CLANG_WARN_EMPTY_BODY = YES;
				CLANG_WARN_ENUM_CONVERSION = YES;
				CLANG_WARN_INFINITE_RECURSION = YES;
				CLANG_WARN_INT_CONVERSION = YES;
				CLANG_WARN_NON_LITERAL_NULL_CONVERSION = YES;
				CLANG_WARN_OBJC_IMPLICIT_RETAIN_SELF = YES;
				CLANG_WARN_OBJC_LITERAL_CONVERSION = YES;
				CLANG_WARN_OBJC_ROOT_CLASS = YES_ERROR;
				CLANG_WARN_RANGE_LOOP_ANALYSIS = YES;
				CLANG_WARN_STRICT_PROTOTYPES = YES;
				CLANG_WARN_SUSPICIOUS_MOVE = YES;
				CLANG_WARN_UNGUARDED_AVAILABILITY = YES_AGGRESSIVE;
				CLANG_WARN_UNREACHABLE_CODE = YES;
				CLANG_WARN__DUPLICATE_METHOD_MATCH = YES;
				COPY_PHASE_STRIP = NO;
				DEBUG_INFORMATION_FORMAT = "dwarf-with-dsym";
				ENABLE_NS_ASSERTIONS = NO;
				ENABLE_STRICT_OBJC_MSGSEND = YES;
				GCC_C_LANGUAGE_STANDARD = gnu11;
				GCC_NO_COMMON_BLOCKS = YES;
				GCC_WARN_64_TO_32_BIT_CONVERSION = YES;
				GCC_WARN_ABOUT_RETURN_TYPE = YES_ERROR;
				GCC_WARN_UNDECLARED_SELECTOR = YES;
				GCC_WARN_UNINITIALIZED_AUTOS = YES_AGGRESSIVE;
				GCC_WARN_UNUSED_FUNCTION = YES;
				GCC_WARN_UNUSED_VARIABLE = YES;
				IPHONEOS_DEPLOYMENT_TARGET = 13.2;
				MTL_ENABLE_DEBUG_INFO = NO;
				MTL_FAST_MATH = YES;
				SDKROOT = iphoneos;
				SWIFT_COMPILATION_MODE = wholemodule;
				SWIFT_OPTIMIZATION_LEVEL = "-O";
				VALIDATE_PRODUCT = YES;
			};
			name = Release;
		};
		AAD8E04224534A75001CF07A /* Debug */ = {
			isa = XCBuildConfiguration;
			buildSettings = {
				ASSETCATALOG_COMPILER_APPICON_NAME = AppIcon;
				CODE_SIGN_STYLE = Automatic;
				DEVELOPMENT_ASSET_PATHS = "\"SwiftUI Tutorial/Preview Content\"";
				DEVELOPMENT_TEAM = 8JWF52JVK7;
				ENABLE_PREVIEWS = YES;
				INFOPLIST_FILE = "SwiftUI Tutorial/Info.plist";
				LD_RUNPATH_SEARCH_PATHS = (
					"$(inherited)",
					"@executable_path/Frameworks",
				);
				PRODUCT_BUNDLE_IDENTIFIER = "com.azakkaiumov.SwiftUI-Tutorial";
				PRODUCT_NAME = "$(TARGET_NAME)";
				SWIFT_VERSION = 5.0;
				TARGETED_DEVICE_FAMILY = "1,2";
			};
			name = Debug;
		};
		AAD8E04324534A75001CF07A /* Release */ = {
			isa = XCBuildConfiguration;
			buildSettings = {
				ASSETCATALOG_COMPILER_APPICON_NAME = AppIcon;
				CODE_SIGN_STYLE = Automatic;
				DEVELOPMENT_ASSET_PATHS = "\"SwiftUI Tutorial/Preview Content\"";
				DEVELOPMENT_TEAM = 8JWF52JVK7;
				ENABLE_PREVIEWS = YES;
				INFOPLIST_FILE = "SwiftUI Tutorial/Info.plist";
				LD_RUNPATH_SEARCH_PATHS = (
					"$(inherited)",
					"@executable_path/Frameworks",
				);
				PRODUCT_BUNDLE_IDENTIFIER = "com.azakkaiumov.SwiftUI-Tutorial";
				PRODUCT_NAME = "$(TARGET_NAME)";
				SWIFT_VERSION = 5.0;
				TARGETED_DEVICE_FAMILY = "1,2";
			};
			name = Release;
		};
		AAD8E04524534A75001CF07A /* Debug */ = {
			isa = XCBuildConfiguration;
			buildSettings = {
				ALWAYS_EMBED_SWIFT_STANDARD_LIBRARIES = YES;
				BUNDLE_LOADER = "$(TEST_HOST)";
				CODE_SIGN_STYLE = Automatic;
				DEVELOPMENT_TEAM = 8JWF52JVK7;
				INFOPLIST_FILE = "SwiftUI TutorialTests/Info.plist";
				IPHONEOS_DEPLOYMENT_TARGET = 13.4;
				LD_RUNPATH_SEARCH_PATHS = (
					"$(inherited)",
					"@executable_path/Frameworks",
					"@loader_path/Frameworks",
				);
				PRODUCT_BUNDLE_IDENTIFIER = "com.example.SwiftUI-TutorialTests";
				PRODUCT_NAME = "$(TARGET_NAME)";
				SWIFT_VERSION = 5.0;
				TARGETED_DEVICE_FAMILY = "1,2";
				TEST_HOST = "$(BUILT_PRODUCTS_DIR)/SwiftUI Tutorial.app/SwiftUI Tutorial";
			};
			name = Debug;
		};
		AAD8E04624534A75001CF07A /* Release */ = {
			isa = XCBuildConfiguration;
			buildSettings = {
				ALWAYS_EMBED_SWIFT_STANDARD_LIBRARIES = YES;
				BUNDLE_LOADER = "$(TEST_HOST)";
				CODE_SIGN_STYLE = Automatic;
				DEVELOPMENT_TEAM = 8JWF52JVK7;
				INFOPLIST_FILE = "SwiftUI TutorialTests/Info.plist";
				IPHONEOS_DEPLOYMENT_TARGET = 13.4;
				LD_RUNPATH_SEARCH_PATHS = (
					"$(inherited)",
					"@executable_path/Frameworks",
					"@loader_path/Frameworks",
				);
				PRODUCT_BUNDLE_IDENTIFIER = "com.example.SwiftUI-TutorialTests";
				PRODUCT_NAME = "$(TARGET_NAME)";
				SWIFT_VERSION = 5.0;
				TARGETED_DEVICE_FAMILY = "1,2";
				TEST_HOST = "$(BUILT_PRODUCTS_DIR)/SwiftUI Tutorial.app/SwiftUI Tutorial";
			};
			name = Release;
		};
		AAD8E04824534A75001CF07A /* Debug */ = {
			isa = XCBuildConfiguration;
			buildSettings = {
				ALWAYS_EMBED_SWIFT_STANDARD_LIBRARIES = YES;
				CODE_SIGN_STYLE = Automatic;
				DEVELOPMENT_TEAM = 8JWF52JVK7;
				INFOPLIST_FILE = "SwiftUI TutorialUITests/Info.plist";
				LD_RUNPATH_SEARCH_PATHS = (
					"$(inherited)",
					"@executable_path/Frameworks",
					"@loader_path/Frameworks",
				);
				PRODUCT_BUNDLE_IDENTIFIER = "com.example.SwiftUI-TutorialUITests";
				PRODUCT_NAME = "$(TARGET_NAME)";
				SWIFT_VERSION = 5.0;
				TARGETED_DEVICE_FAMILY = "1,2";
				TEST_TARGET_NAME = "SwiftUI Tutorial";
			};
			name = Debug;
		};
		AAD8E04924534A75001CF07A /* Release */ = {
			isa = XCBuildConfiguration;
			buildSettings = {
				ALWAYS_EMBED_SWIFT_STANDARD_LIBRARIES = YES;
				CODE_SIGN_STYLE = Automatic;
				DEVELOPMENT_TEAM = 8JWF52JVK7;
				INFOPLIST_FILE = "SwiftUI TutorialUITests/Info.plist";
				LD_RUNPATH_SEARCH_PATHS = (
					"$(inherited)",
					"@executable_path/Frameworks",
					"@loader_path/Frameworks",
				);
				PRODUCT_BUNDLE_IDENTIFIER = "com.example.SwiftUI-TutorialUITests";
				PRODUCT_NAME = "$(TARGET_NAME)";
				SWIFT_VERSION = 5.0;
				TARGETED_DEVICE_FAMILY = "1,2";
				TEST_TARGET_NAME = "SwiftUI Tutorial";
			};
			name = Release;
		};
/* End XCBuildConfiguration section */

/* Begin XCConfigurationList section */
		AAD8E00F24534A74001CF07A /* Build configuration list for PBXProject "SwiftUI Tutorial" */ = {
			isa = XCConfigurationList;
			buildConfigurations = (
				AAD8E03F24534A75001CF07A /* Debug */,
				AAD8E04024534A75001CF07A /* Release */,
			);
			defaultConfigurationIsVisible = 0;
			defaultConfigurationName = Release;
		};
		AAD8E04124534A75001CF07A /* Build configuration list for PBXNativeTarget "SwiftUI Tutorial" */ = {
			isa = XCConfigurationList;
			buildConfigurations = (
				AAD8E04224534A75001CF07A /* Debug */,
				AAD8E04324534A75001CF07A /* Release */,
			);
			defaultConfigurationIsVisible = 0;
			defaultConfigurationName = Release;
		};
		AAD8E04424534A75001CF07A /* Build configuration list for PBXNativeTarget "SwiftUI TutorialTests" */ = {
			isa = XCConfigurationList;
			buildConfigurations = (
				AAD8E04524534A75001CF07A /* Debug */,
				AAD8E04624534A75001CF07A /* Release */,
			);
			defaultConfigurationIsVisible = 0;
			defaultConfigurationName = Release;
		};
		AAD8E04724534A75001CF07A /* Build configuration list for PBXNativeTarget "SwiftUI TutorialUITests" */ = {
			isa = XCConfigurationList;
			buildConfigurations = (
				AAD8E04824534A75001CF07A /* Debug */,
				AAD8E04924534A75001CF07A /* Release */,
			);
			defaultConfigurationIsVisible = 0;
			defaultConfigurationName = Release;
		};
/* End XCConfigurationList section */

/* Begin XCVersionGroup section */
		AAD8E01B24534A74001CF07A /* SwiftUI_Tutorial.xcdatamodeld */ = {
			isa = XCVersionGroup;
			children = (
				AAD8E01C24534A74001CF07A /* SwiftUI_Tutorial.xcdatamodel */,
			);
			currentVersion = AAD8E01C24534A74001CF07A /* SwiftUI_Tutorial.xcdatamodel */;
			path = SwiftUI_Tutorial.xcdatamodeld;
			sourceTree = "<group>";
			versionGroupType = wrapper.xcdatamodel;
		};
/* End XCVersionGroup section */
	};
	rootObject = AAD8E00C24534A74001CF07A /* Project object */;
}
